
Microsoft Visual Studio Solution File, Format Version 12.00
# Visual Studio 14
VisualStudioVersion = 14.0.23107.0
MinimumVisualStudioVersion = 10.0.40219.1
Project("{FAE04EC0-301F-11D3-BF4B-00C04F79EFBC}") = "Bai01", "Bai01\Bai01.csproj", "{CBCC4485-A456-4372-817A-77D62837F9B2}"
EndProject
Project("{FAE04EC0-301F-11D3-BF4B-00C04F79EFBC}") = "Bai02", "Bai02\Bai02.csproj", "{4B643CDC-390C-467A-AD0F-0ABB36CB40A5}"
EndProject
Project("{FAE04EC0-301F-11D3-BF4B-00C04F79EFBC}") = "Bai03", "Bai03\Bai03.csproj", "{2819581B-A67F-454F-BEE8-4FED9805CE53}"
EndProject
Project("{FAE04EC0-301F-11D3-BF4B-00C04F79EFBC}") = "Bai04", "Bai04\Bai04.csproj", "{6427F5C2-EF23-4518-9139-19066D3C3751}"
EndProject
Project("{FAE04EC0-301F-11D3-BF4B-00C04F79EFBC}") = "Bai1", "Bai1\Bai1.csproj", "{C75A73C3-1233-4774-99D3-A4FCABF1F265}"
EndProject
Project("{FAE04EC0-301F-11D3-BF4B-00C04F79EFBC}") = "Bai2", "Bai2\Bai2.csproj", "{17322541-84E8-42FE-AACA-C7B255321FDE}"
EndProject
Project("{FAE04EC0-301F-11D3-BF4B-00C04F79EFBC}") = "Bai3", "Bai3\Bai3.csproj", "{FD2864D1-A77E-4EEF-B70A-A13278EE1E22}"
EndProject
Project("{FAE04EC0-301F-11D3-BF4B-00C04F79EFBC}") = "Bai4", "Bai4\Bai4.csproj", "{89B35117-6A6E-4F26-996C-F5F9B2BA7902}"
EndProject
Project("{FAE04EC0-301F-11D3-BF4B-00C04F79EFBC}") = "Bai5", "Bai5\Bai5.csproj", "{B1CBCC7A-8B48-4F44-B11C-782194ECC496}"
EndProject
Project("{FAE04EC0-301F-11D3-BF4B-00C04F79EFBC}") = "Bai6", "Bai6\Bai6.csproj", "{3E35B2C1-0546-400B-A88E-292E4D7C8D81}"
EndProject
Project("{FAE04EC0-301F-11D3-BF4B-00C04F79EFBC}") = "Bai7", "Bai7\Bai7.csproj", "{0CD95851-D361-45E6-BAEB-031C202AD9CA}"
EndProject
Project("{FAE04EC0-301F-11D3-BF4B-00C04F79EFBC}") = "Bai8", "Bai8\Bai8.csproj", "{CC8216E5-9BFE-4F0C-B109-02C55622642A}"
EndProject
Project("{FAE04EC0-301F-11D3-BF4B-00C04F79EFBC}") = "Bai9", "Bai9\Bai9.csproj", "{688C776E-2672-4790-A47C-83B5225F93ED}"
EndProject
Project("{FAE04EC0-301F-11D3-BF4B-00C04F79EFBC}") = "Bai10", "Bai10\Bai10.csproj", "{71E80C48-225E-4781-BF45-08ADF3695030}"
EndProject
Project("{FAE04EC0-301F-11D3-BF4B-00C04F79EFBC}") = "Bai11", "Bai11\Bai11.csproj", "{87AD845D-F55D-4B57-8C06-D043445DE12F}"
EndProject
Project("{FAE04EC0-301F-11D3-BF4B-00C04F79EFBC}") = "Bai12", "Bai12\Bai12.csproj", "{A22F716D-3857-47DA-B1D2-4FE4DBA64522}"
EndProject
Project("{FAE04EC0-301F-11D3-BF4B-00C04F79EFBC}") = "Bai13", "Bai13\Bai13.csproj", "{7C296436-572E-4A7B-BFA5-BB68C61F77D0}"
EndProject
Project("{FAE04EC0-301F-11D3-BF4B-00C04F79EFBC}") = "Bai14", "Bai14\Bai14.csproj", "{8E60DE97-AA5D-4137-86E0-0D0C71DEAB13}"
EndProject
Project("{FAE04EC0-301F-11D3-BF4B-00C04F79EFBC}") = "Bai15", "Bai15\Bai15.csproj", "{88A50B22-66F4-4249-B2E7-58209ABA41FC}"
EndProject
Project("{FAE04EC0-301F-11D3-BF4B-00C04F79EFBC}") = "Bai16", "Bai16\Bai16.csproj", "{DBA6B73D-94B7-432F-8901-01666CED8FBA}"
EndProject
Project("{FAE04EC0-301F-11D3-BF4B-00C04F79EFBC}") = "Bai17", "Bai17\Bai17.csproj", "{7B21730E-1AC7-4115-9015-1E624DAEDFB4}"
EndProject
Project("{FAE04EC0-301F-11D3-BF4B-00C04F79EFBC}") = "Bai18", "Bai18\Bai18.csproj", "{F8998A22-5C9D-4D0E-9E0E-2757E4884FD6}"
EndProject
Project("{FAE04EC0-301F-11D3-BF4B-00C04F79EFBC}") = "Bai19", "Bai19\Bai19.csproj", "{4C5583C7-AFBB-4B9B-B0A2-C8337C1F9CA2}"
EndProject
Project("{FAE04EC0-301F-11D3-BF4B-00C04F79EFBC}") = "Bai20", "Bai20\Bai20.csproj", "{5E0F0AF3-040D-4A0C-9D0D-76234A079DD4}"
EndProject
Project("{FAE04EC0-301F-11D3-BF4B-00C04F79EFBC}") = "Bai21", "Bai21\Bai21.csproj", "{E73B0F31-3256-452F-B923-C041B60BC81B}"
EndProject
Project("{FAE04EC0-301F-11D3-BF4B-00C04F79EFBC}") = "Bai22", "Bai22\Bai22.csproj", "{EC581468-CAC5-4852-8194-A533EC8C2C48}"
EndProject
Project("{FAE04EC0-301F-11D3-BF4B-00C04F79EFBC}") = "Bai23", "Bai23\Bai23.csproj", "{2C8A5C70-F3F1-4CBD-A380-76686880FA96}"
EndProject
Project("{FAE04EC0-301F-11D3-BF4B-00C04F79EFBC}") = "Bai24", "Bai 24\Bai24.csproj", "{52CB97A2-C0EF-47E3-9E0C-5883EE88C3C9}"
EndProject
Project("{FAE04EC0-301F-11D3-BF4B-00C04F79EFBC}") = "Bai25", "Bai25\Bai25.csproj", "{6E62121E-B14E-4B9B-92AC-FD2940FC9CB2}"
EndProject
Project("{FAE04EC0-301F-11D3-BF4B-00C04F79EFBC}") = "Bai2627", "Bai2627\Bai2627.csproj", "{AA0395AB-19F2-40B0-B282-0149D4C8B88D}"
EndProject
Project("{FAE04EC0-301F-11D3-BF4B-00C04F79EFBC}") = "Bai28", "Bai28\Bai28.csproj", "{9A30DFF5-CF3A-4CBC-A05A-07DCE78A41AC}"
EndProject
Project("{FAE04EC0-301F-11D3-BF4B-00C04F79EFBC}") = "Bai29", "Bai29\Bai29.csproj", "{2FF7BAE5-C426-4241-A495-B58A389665C2}"
EndProject
Project("{FAE04EC0-301F-11D3-BF4B-00C04F79EFBC}") = "Bai30", "Bai30\Bai30.csproj", "{964FBAD3-79F7-4338-8FEC-E3B4D3548A2E}"
EndProject
Project("{FAE04EC0-301F-11D3-BF4B-00C04F79EFBC}") = "Bai31", "Bai31\Bai31.csproj", "{B452CEBC-F3F3-4317-BD6F-9D9AD887FA23}"
EndProject
Project("{FAE04EC0-301F-11D3-BF4B-00C04F79EFBC}") = "Bai32", "Bai32\Bai32.csproj", "{B90F1409-9E24-4BAA-AA61-44942DDC79E0}"
EndProject
Project("{FAE04EC0-301F-11D3-BF4B-00C04F79EFBC}") = "Bai33", "Bai33\Bai33.csproj", "{68CD5771-B0F6-448F-A297-EABDE21C3D78}"
EndProject
Project("{FAE04EC0-301F-11D3-BF4B-00C04F79EFBC}") = "Bai34", "Bai34\Bai34.csproj", "{EB7267AB-912E-4417-AF48-7CFD618F5737}"
EndProject
Project("{FAE04EC0-301F-11D3-BF4B-00C04F79EFBC}") = "Bai35", "Bai35\Bai35.csproj", "{84E52D27-F3ED-4DA6-A9CE-9B41284578F4}"
EndProject
Project("{FAE04EC0-301F-11D3-BF4B-00C04F79EFBC}") = "Bai36", "Bai36\Bai36.csproj", "{70F4EDED-0AC6-4B84-8156-2EAE1BB02777}"
EndProject
Project("{FAE04EC0-301F-11D3-BF4B-00C04F79EFBC}") = "Bai48", "Bai48\Bai48.csproj", "{3212C010-0C51-4618-8C9D-54B43EA28DE9}"
EndProject
Project("{FAE04EC0-301F-11D3-BF4B-00C04F79EFBC}") = "Bai3738", "Bai3738\Bai3738.csproj", "{96C5B0E0-3AF6-4C32-A08A-EB6E82B8B582}"
EndProject
Project("{FAE04EC0-301F-11D3-BF4B-00C04F79EFBC}") = "Bai44", "Bai44\Bai44.csproj", "{30C6EE29-E9AD-495F-BAD8-B9344BF497D4}"
EndProject
Project("{FAE04EC0-301F-11D3-BF4B-00C04F79EFBC}") = "Bai45", "Bai45\Bai45.csproj", "{0D84ED4E-1740-4E3C-AA4D-0003192796E5}"
EndProject
Project("{FAE04EC0-301F-11D3-BF4B-00C04F79EFBC}") = "Bai4647", "Bai46\Bai4647.csproj", "{1F0B37E2-A0E9-4B37-94AE-A9C84F98B0F8}"
EndProject
Project("{FAE04EC0-301F-11D3-BF4B-00C04F79EFBC}") = "Bai49", "Bai49\Bai49.csproj", "{6A0BC130-F20E-418A-B196-5CE7FD4B46CD}"
EndProject
Project("{FAE04EC0-301F-11D3-BF4B-00C04F79EFBC}") = "Bai39den47", "Bai39\Bai39den47.csproj", "{2D56324A-65DE-4F7E-A8C5-B88B3248D6CB}"
EndProject
Global
	GlobalSection(SolutionConfigurationPlatforms) = preSolution
		Debug|Any CPU = Debug|Any CPU
		Release|Any CPU = Release|Any CPU
	EndGlobalSection
	GlobalSection(ProjectConfigurationPlatforms) = postSolution
		{CBCC4485-A456-4372-817A-77D62837F9B2}.Debug|Any CPU.ActiveCfg = Debug|Any CPU
		{CBCC4485-A456-4372-817A-77D62837F9B2}.Debug|Any CPU.Build.0 = Debug|Any CPU
		{CBCC4485-A456-4372-817A-77D62837F9B2}.Release|Any CPU.ActiveCfg = Release|Any CPU
		{CBCC4485-A456-4372-817A-77D62837F9B2}.Release|Any CPU.Build.0 = Release|Any CPU
		{4B643CDC-390C-467A-AD0F-0ABB36CB40A5}.Debug|Any CPU.ActiveCfg = Debug|Any CPU
		{4B643CDC-390C-467A-AD0F-0ABB36CB40A5}.Debug|Any CPU.Build.0 = Debug|Any CPU
		{4B643CDC-390C-467A-AD0F-0ABB36CB40A5}.Release|Any CPU.ActiveCfg = Release|Any CPU
		{4B643CDC-390C-467A-AD0F-0ABB36CB40A5}.Release|Any CPU.Build.0 = Release|Any CPU
		{2819581B-A67F-454F-BEE8-4FED9805CE53}.Debug|Any CPU.ActiveCfg = Debug|Any CPU
		{2819581B-A67F-454F-BEE8-4FED9805CE53}.Debug|Any CPU.Build.0 = Debug|Any CPU
		{2819581B-A67F-454F-BEE8-4FED9805CE53}.Release|Any CPU.ActiveCfg = Release|Any CPU
		{2819581B-A67F-454F-BEE8-4FED9805CE53}.Release|Any CPU.Build.0 = Release|Any CPU
		{6427F5C2-EF23-4518-9139-19066D3C3751}.Debug|Any CPU.ActiveCfg = Debug|Any CPU
		{6427F5C2-EF23-4518-9139-19066D3C3751}.Debug|Any CPU.Build.0 = Debug|Any CPU
		{6427F5C2-EF23-4518-9139-19066D3C3751}.Release|Any CPU.ActiveCfg = Release|Any CPU
		{6427F5C2-EF23-4518-9139-19066D3C3751}.Release|Any CPU.Build.0 = Release|Any CPU
		{C75A73C3-1233-4774-99D3-A4FCABF1F265}.Debug|Any CPU.ActiveCfg = Debug|Any CPU
		{C75A73C3-1233-4774-99D3-A4FCABF1F265}.Debug|Any CPU.Build.0 = Debug|Any CPU
		{C75A73C3-1233-4774-99D3-A4FCABF1F265}.Release|Any CPU.ActiveCfg = Release|Any CPU
		{C75A73C3-1233-4774-99D3-A4FCABF1F265}.Release|Any CPU.Build.0 = Release|Any CPU
		{17322541-84E8-42FE-AACA-C7B255321FDE}.Debug|Any CPU.ActiveCfg = Debug|Any CPU
		{17322541-84E8-42FE-AACA-C7B255321FDE}.Debug|Any CPU.Build.0 = Debug|Any CPU
		{17322541-84E8-42FE-AACA-C7B255321FDE}.Release|Any CPU.ActiveCfg = Release|Any CPU
		{17322541-84E8-42FE-AACA-C7B255321FDE}.Release|Any CPU.Build.0 = Release|Any CPU
		{FD2864D1-A77E-4EEF-B70A-A13278EE1E22}.Debug|Any CPU.ActiveCfg = Debug|Any CPU
		{FD2864D1-A77E-4EEF-B70A-A13278EE1E22}.Debug|Any CPU.Build.0 = Debug|Any CPU
		{FD2864D1-A77E-4EEF-B70A-A13278EE1E22}.Release|Any CPU.ActiveCfg = Release|Any CPU
		{FD2864D1-A77E-4EEF-B70A-A13278EE1E22}.Release|Any CPU.Build.0 = Release|Any CPU
		{89B35117-6A6E-4F26-996C-F5F9B2BA7902}.Debug|Any CPU.ActiveCfg = Debug|Any CPU
		{89B35117-6A6E-4F26-996C-F5F9B2BA7902}.Debug|Any CPU.Build.0 = Debug|Any CPU
		{89B35117-6A6E-4F26-996C-F5F9B2BA7902}.Release|Any CPU.ActiveCfg = Release|Any CPU
		{89B35117-6A6E-4F26-996C-F5F9B2BA7902}.Release|Any CPU.Build.0 = Release|Any CPU
		{B1CBCC7A-8B48-4F44-B11C-782194ECC496}.Debug|Any CPU.ActiveCfg = Debug|Any CPU
		{B1CBCC7A-8B48-4F44-B11C-782194ECC496}.Debug|Any CPU.Build.0 = Debug|Any CPU
		{B1CBCC7A-8B48-4F44-B11C-782194ECC496}.Release|Any CPU.ActiveCfg = Release|Any CPU
		{B1CBCC7A-8B48-4F44-B11C-782194ECC496}.Release|Any CPU.Build.0 = Release|Any CPU
		{3E35B2C1-0546-400B-A88E-292E4D7C8D81}.Debug|Any CPU.ActiveCfg = Debug|Any CPU
		{3E35B2C1-0546-400B-A88E-292E4D7C8D81}.Debug|Any CPU.Build.0 = Debug|Any CPU
		{3E35B2C1-0546-400B-A88E-292E4D7C8D81}.Release|Any CPU.ActiveCfg = Release|Any CPU
		{3E35B2C1-0546-400B-A88E-292E4D7C8D81}.Release|Any CPU.Build.0 = Release|Any CPU
		{0CD95851-D361-45E6-BAEB-031C202AD9CA}.Debug|Any CPU.ActiveCfg = Debug|Any CPU
		{0CD95851-D361-45E6-BAEB-031C202AD9CA}.Debug|Any CPU.Build.0 = Debug|Any CPU
		{0CD95851-D361-45E6-BAEB-031C202AD9CA}.Release|Any CPU.ActiveCfg = Release|Any CPU
		{0CD95851-D361-45E6-BAEB-031C202AD9CA}.Release|Any CPU.Build.0 = Release|Any CPU
		{CC8216E5-9BFE-4F0C-B109-02C55622642A}.Debug|Any CPU.ActiveCfg = Debug|Any CPU
		{CC8216E5-9BFE-4F0C-B109-02C55622642A}.Debug|Any CPU.Build.0 = Debug|Any CPU
		{CC8216E5-9BFE-4F0C-B109-02C55622642A}.Release|Any CPU.ActiveCfg = Release|Any CPU
		{CC8216E5-9BFE-4F0C-B109-02C55622642A}.Release|Any CPU.Build.0 = Release|Any CPU
		{688C776E-2672-4790-A47C-83B5225F93ED}.Debug|Any CPU.ActiveCfg = Debug|Any CPU
		{688C776E-2672-4790-A47C-83B5225F93ED}.Debug|Any CPU.Build.0 = Debug|Any CPU
		{688C776E-2672-4790-A47C-83B5225F93ED}.Release|Any CPU.ActiveCfg = Release|Any CPU
		{688C776E-2672-4790-A47C-83B5225F93ED}.Release|Any CPU.Build.0 = Release|Any CPU
		{71E80C48-225E-4781-BF45-08ADF3695030}.Debug|Any CPU.ActiveCfg = Debug|Any CPU
		{71E80C48-225E-4781-BF45-08ADF3695030}.Debug|Any CPU.Build.0 = Debug|Any CPU
		{71E80C48-225E-4781-BF45-08ADF3695030}.Release|Any CPU.ActiveCfg = Release|Any CPU
		{71E80C48-225E-4781-BF45-08ADF3695030}.Release|Any CPU.Build.0 = Release|Any CPU
		{87AD845D-F55D-4B57-8C06-D043445DE12F}.Debug|Any CPU.ActiveCfg = Debug|Any CPU
		{87AD845D-F55D-4B57-8C06-D043445DE12F}.Debug|Any CPU.Build.0 = Debug|Any CPU
		{87AD845D-F55D-4B57-8C06-D043445DE12F}.Release|Any CPU.ActiveCfg = Release|Any CPU
		{87AD845D-F55D-4B57-8C06-D043445DE12F}.Release|Any CPU.Build.0 = Release|Any CPU
		{A22F716D-3857-47DA-B1D2-4FE4DBA64522}.Debug|Any CPU.ActiveCfg = Debug|Any CPU
		{A22F716D-3857-47DA-B1D2-4FE4DBA64522}.Debug|Any CPU.Build.0 = Debug|Any CPU
		{A22F716D-3857-47DA-B1D2-4FE4DBA64522}.Release|Any CPU.ActiveCfg = Release|Any CPU
		{A22F716D-3857-47DA-B1D2-4FE4DBA64522}.Release|Any CPU.Build.0 = Release|Any CPU
		{7C296436-572E-4A7B-BFA5-BB68C61F77D0}.Debug|Any CPU.ActiveCfg = Debug|Any CPU
		{7C296436-572E-4A7B-BFA5-BB68C61F77D0}.Debug|Any CPU.Build.0 = Debug|Any CPU
		{7C296436-572E-4A7B-BFA5-BB68C61F77D0}.Release|Any CPU.ActiveCfg = Release|Any CPU
		{7C296436-572E-4A7B-BFA5-BB68C61F77D0}.Release|Any CPU.Build.0 = Release|Any CPU
		{8E60DE97-AA5D-4137-86E0-0D0C71DEAB13}.Debug|Any CPU.ActiveCfg = Debug|Any CPU
		{8E60DE97-AA5D-4137-86E0-0D0C71DEAB13}.Debug|Any CPU.Build.0 = Debug|Any CPU
		{8E60DE97-AA5D-4137-86E0-0D0C71DEAB13}.Release|Any CPU.ActiveCfg = Release|Any CPU
		{8E60DE97-AA5D-4137-86E0-0D0C71DEAB13}.Release|Any CPU.Build.0 = Release|Any CPU
		{88A50B22-66F4-4249-B2E7-58209ABA41FC}.Debug|Any CPU.ActiveCfg = Debug|Any CPU
		{88A50B22-66F4-4249-B2E7-58209ABA41FC}.Debug|Any CPU.Build.0 = Debug|Any CPU
		{88A50B22-66F4-4249-B2E7-58209ABA41FC}.Release|Any CPU.ActiveCfg = Release|Any CPU
		{88A50B22-66F4-4249-B2E7-58209ABA41FC}.Release|Any CPU.Build.0 = Release|Any CPU
		{DBA6B73D-94B7-432F-8901-01666CED8FBA}.Debug|Any CPU.ActiveCfg = Debug|Any CPU
		{DBA6B73D-94B7-432F-8901-01666CED8FBA}.Debug|Any CPU.Build.0 = Debug|Any CPU
		{DBA6B73D-94B7-432F-8901-01666CED8FBA}.Release|Any CPU.ActiveCfg = Release|Any CPU
		{DBA6B73D-94B7-432F-8901-01666CED8FBA}.Release|Any CPU.Build.0 = Release|Any CPU
		{7B21730E-1AC7-4115-9015-1E624DAEDFB4}.Debug|Any CPU.ActiveCfg = Debug|Any CPU
		{7B21730E-1AC7-4115-9015-1E624DAEDFB4}.Debug|Any CPU.Build.0 = Debug|Any CPU
		{7B21730E-1AC7-4115-9015-1E624DAEDFB4}.Release|Any CPU.ActiveCfg = Release|Any CPU
		{7B21730E-1AC7-4115-9015-1E624DAEDFB4}.Release|Any CPU.Build.0 = Release|Any CPU
		{F8998A22-5C9D-4D0E-9E0E-2757E4884FD6}.Debug|Any CPU.ActiveCfg = Debug|Any CPU
		{F8998A22-5C9D-4D0E-9E0E-2757E4884FD6}.Debug|Any CPU.Build.0 = Debug|Any CPU
		{F8998A22-5C9D-4D0E-9E0E-2757E4884FD6}.Release|Any CPU.ActiveCfg = Release|Any CPU
		{F8998A22-5C9D-4D0E-9E0E-2757E4884FD6}.Release|Any CPU.Build.0 = Release|Any CPU
		{4C5583C7-AFBB-4B9B-B0A2-C8337C1F9CA2}.Debug|Any CPU.ActiveCfg = Debug|Any CPU
		{4C5583C7-AFBB-4B9B-B0A2-C8337C1F9CA2}.Debug|Any CPU.Build.0 = Debug|Any CPU
		{4C5583C7-AFBB-4B9B-B0A2-C8337C1F9CA2}.Release|Any CPU.ActiveCfg = Release|Any CPU
		{4C5583C7-AFBB-4B9B-B0A2-C8337C1F9CA2}.Release|Any CPU.Build.0 = Release|Any CPU
		{5E0F0AF3-040D-4A0C-9D0D-76234A079DD4}.Debug|Any CPU.ActiveCfg = Debug|Any CPU
		{5E0F0AF3-040D-4A0C-9D0D-76234A079DD4}.Debug|Any CPU.Build.0 = Debug|Any CPU
		{5E0F0AF3-040D-4A0C-9D0D-76234A079DD4}.Release|Any CPU.ActiveCfg = Release|Any CPU
		{5E0F0AF3-040D-4A0C-9D0D-76234A079DD4}.Release|Any CPU.Build.0 = Release|Any CPU
		{E73B0F31-3256-452F-B923-C041B60BC81B}.Debug|Any CPU.ActiveCfg = Debug|Any CPU
		{E73B0F31-3256-452F-B923-C041B60BC81B}.Debug|Any CPU.Build.0 = Debug|Any CPU
		{E73B0F31-3256-452F-B923-C041B60BC81B}.Release|Any CPU.ActiveCfg = Release|Any CPU
		{E73B0F31-3256-452F-B923-C041B60BC81B}.Release|Any CPU.Build.0 = Release|Any CPU
		{EC581468-CAC5-4852-8194-A533EC8C2C48}.Debug|Any CPU.ActiveCfg = Debug|Any CPU
		{EC581468-CAC5-4852-8194-A533EC8C2C48}.Debug|Any CPU.Build.0 = Debug|Any CPU
		{EC581468-CAC5-4852-8194-A533EC8C2C48}.Release|Any CPU.ActiveCfg = Release|Any CPU
		{EC581468-CAC5-4852-8194-A533EC8C2C48}.Release|Any CPU.Build.0 = Release|Any CPU
		{2C8A5C70-F3F1-4CBD-A380-76686880FA96}.Debug|Any CPU.ActiveCfg = Debug|Any CPU
		{2C8A5C70-F3F1-4CBD-A380-76686880FA96}.Debug|Any CPU.Build.0 = Debug|Any CPU
		{2C8A5C70-F3F1-4CBD-A380-76686880FA96}.Release|Any CPU.ActiveCfg = Release|Any CPU
		{2C8A5C70-F3F1-4CBD-A380-76686880FA96}.Release|Any CPU.Build.0 = Release|Any CPU
		{52CB97A2-C0EF-47E3-9E0C-5883EE88C3C9}.Debug|Any CPU.ActiveCfg = Debug|Any CPU
		{52CB97A2-C0EF-47E3-9E0C-5883EE88C3C9}.Debug|Any CPU.Build.0 = Debug|Any CPU
		{52CB97A2-C0EF-47E3-9E0C-5883EE88C3C9}.Release|Any CPU.ActiveCfg = Release|Any CPU
		{52CB97A2-C0EF-47E3-9E0C-5883EE88C3C9}.Release|Any CPU.Build.0 = Release|Any CPU
		{6E62121E-B14E-4B9B-92AC-FD2940FC9CB2}.Debug|Any CPU.ActiveCfg = Debug|Any CPU
		{6E62121E-B14E-4B9B-92AC-FD2940FC9CB2}.Debug|Any CPU.Build.0 = Debug|Any CPU
		{6E62121E-B14E-4B9B-92AC-FD2940FC9CB2}.Release|Any CPU.ActiveCfg = Release|Any CPU
		{6E62121E-B14E-4B9B-92AC-FD2940FC9CB2}.Release|Any CPU.Build.0 = Release|Any CPU
		{AA0395AB-19F2-40B0-B282-0149D4C8B88D}.Debug|Any CPU.ActiveCfg = Debug|Any CPU
		{AA0395AB-19F2-40B0-B282-0149D4C8B88D}.Debug|Any CPU.Build.0 = Debug|Any CPU
		{AA0395AB-19F2-40B0-B282-0149D4C8B88D}.Release|Any CPU.ActiveCfg = Release|Any CPU
		{AA0395AB-19F2-40B0-B282-0149D4C8B88D}.Release|Any CPU.Build.0 = Release|Any CPU
		{9A30DFF5-CF3A-4CBC-A05A-07DCE78A41AC}.Debug|Any CPU.ActiveCfg = Debug|Any CPU
		{9A30DFF5-CF3A-4CBC-A05A-07DCE78A41AC}.Debug|Any CPU.Build.0 = Debug|Any CPU
		{9A30DFF5-CF3A-4CBC-A05A-07DCE78A41AC}.Release|Any CPU.ActiveCfg = Release|Any CPU
		{9A30DFF5-CF3A-4CBC-A05A-07DCE78A41AC}.Release|Any CPU.Build.0 = Release|Any CPU
		{2FF7BAE5-C426-4241-A495-B58A389665C2}.Debug|Any CPU.ActiveCfg = Debug|Any CPU
		{2FF7BAE5-C426-4241-A495-B58A389665C2}.Debug|Any CPU.Build.0 = Debug|Any CPU
		{2FF7BAE5-C426-4241-A495-B58A389665C2}.Release|Any CPU.ActiveCfg = Release|Any CPU
		{2FF7BAE5-C426-4241-A495-B58A389665C2}.Release|Any CPU.Build.0 = Release|Any CPU
		{964FBAD3-79F7-4338-8FEC-E3B4D3548A2E}.Debug|Any CPU.ActiveCfg = Debug|Any CPU
		{964FBAD3-79F7-4338-8FEC-E3B4D3548A2E}.Debug|Any CPU.Build.0 = Debug|Any CPU
		{964FBAD3-79F7-4338-8FEC-E3B4D3548A2E}.Release|Any CPU.ActiveCfg = Release|Any CPU
		{964FBAD3-79F7-4338-8FEC-E3B4D3548A2E}.Release|Any CPU.Build.0 = Release|Any CPU
		{B452CEBC-F3F3-4317-BD6F-9D9AD887FA23}.Debug|Any CPU.ActiveCfg = Debug|Any CPU
		{B452CEBC-F3F3-4317-BD6F-9D9AD887FA23}.Debug|Any CPU.Build.0 = Debug|Any CPU
		{B452CEBC-F3F3-4317-BD6F-9D9AD887FA23}.Release|Any CPU.ActiveCfg = Release|Any CPU
		{B452CEBC-F3F3-4317-BD6F-9D9AD887FA23}.Release|Any CPU.Build.0 = Release|Any CPU
		{B90F1409-9E24-4BAA-AA61-44942DDC79E0}.Debug|Any CPU.ActiveCfg = Debug|Any CPU
		{B90F1409-9E24-4BAA-AA61-44942DDC79E0}.Debug|Any CPU.Build.0 = Debug|Any CPU
		{B90F1409-9E24-4BAA-AA61-44942DDC79E0}.Release|Any CPU.ActiveCfg = Release|Any CPU
		{B90F1409-9E24-4BAA-AA61-44942DDC79E0}.Release|Any CPU.Build.0 = Release|Any CPU
		{68CD5771-B0F6-448F-A297-EABDE21C3D78}.Debug|Any CPU.ActiveCfg = Debug|Any CPU
		{68CD5771-B0F6-448F-A297-EABDE21C3D78}.Debug|Any CPU.Build.0 = Debug|Any CPU
		{68CD5771-B0F6-448F-A297-EABDE21C3D78}.Release|Any CPU.ActiveCfg = Release|Any CPU
		{68CD5771-B0F6-448F-A297-EABDE21C3D78}.Release|Any CPU.Build.0 = Release|Any CPU
		{EB7267AB-912E-4417-AF48-7CFD618F5737}.Debug|Any CPU.ActiveCfg = Debug|Any CPU
		{EB7267AB-912E-4417-AF48-7CFD618F5737}.Debug|Any CPU.Build.0 = Debug|Any CPU
		{EB7267AB-912E-4417-AF48-7CFD618F5737}.Release|Any CPU.ActiveCfg = Release|Any CPU
		{EB7267AB-912E-4417-AF48-7CFD618F5737}.Release|Any CPU.Build.0 = Release|Any CPU
		{84E52D27-F3ED-4DA6-A9CE-9B41284578F4}.Debug|Any CPU.ActiveCfg = Debug|Any CPU
		{84E52D27-F3ED-4DA6-A9CE-9B41284578F4}.Debug|Any CPU.Build.0 = Debug|Any CPU
		{84E52D27-F3ED-4DA6-A9CE-9B41284578F4}.Release|Any CPU.ActiveCfg = Release|Any CPU
		{84E52D27-F3ED-4DA6-A9CE-9B41284578F4}.Release|Any CPU.Build.0 = Release|Any CPU
		{70F4EDED-0AC6-4B84-8156-2EAE1BB02777}.Debug|Any CPU.ActiveCfg = Debug|Any CPU
		{70F4EDED-0AC6-4B84-8156-2EAE1BB02777}.Debug|Any CPU.Build.0 = Debug|Any CPU
		{70F4EDED-0AC6-4B84-8156-2EAE1BB02777}.Release|Any CPU.ActiveCfg = Release|Any CPU
		{70F4EDED-0AC6-4B84-8156-2EAE1BB02777}.Release|Any CPU.Build.0 = Release|Any CPU
		{3212C010-0C51-4618-8C9D-54B43EA28DE9}.Debug|Any CPU.ActiveCfg = Debug|Any CPU
		{3212C010-0C51-4618-8C9D-54B43EA28DE9}.Debug|Any CPU.Build.0 = Debug|Any CPU
		{3212C010-0C51-4618-8C9D-54B43EA28DE9}.Release|Any CPU.ActiveCfg = Release|Any CPU
		{3212C010-0C51-4618-8C9D-54B43EA28DE9}.Release|Any CPU.Build.0 = Release|Any CPU
		{96C5B0E0-3AF6-4C32-A08A-EB6E82B8B582}.Debug|Any CPU.ActiveCfg = Debug|Any CPU
		{96C5B0E0-3AF6-4C32-A08A-EB6E82B8B582}.Debug|Any CPU.Build.0 = Debug|Any CPU
		{96C5B0E0-3AF6-4C32-A08A-EB6E82B8B582}.Release|Any CPU.ActiveCfg = Release|Any CPU
		{96C5B0E0-3AF6-4C32-A08A-EB6E82B8B582}.Release|Any CPU.Build.0 = Release|Any CPU
		{30C6EE29-E9AD-495F-BAD8-B9344BF497D4}.Debug|Any CPU.ActiveCfg = Debug|Any CPU
		{30C6EE29-E9AD-495F-BAD8-B9344BF497D4}.Debug|Any CPU.Build.0 = Debug|Any CPU
		{30C6EE29-E9AD-495F-BAD8-B9344BF497D4}.Release|Any CPU.ActiveCfg = Release|Any CPU
		{30C6EE29-E9AD-495F-BAD8-B9344BF497D4}.Release|Any CPU.Build.0 = Release|Any CPU
		{0D84ED4E-1740-4E3C-AA4D-0003192796E5}.Debug|Any CPU.ActiveCfg = Debug|Any CPU
		{0D84ED4E-1740-4E3C-AA4D-0003192796E5}.Debug|Any CPU.Build.0 = Debug|Any CPU
		{0D84ED4E-1740-4E3C-AA4D-0003192796E5}.Release|Any CPU.ActiveCfg = Release|Any CPU
		{0D84ED4E-1740-4E3C-AA4D-0003192796E5}.Release|Any CPU.Build.0 = Release|Any CPU
		{1F0B37E2-A0E9-4B37-94AE-A9C84F98B0F8}.Debug|Any CPU.ActiveCfg = Debug|Any CPU
		{1F0B37E2-A0E9-4B37-94AE-A9C84F98B0F8}.Debug|Any CPU.Build.0 = Debug|Any CPU
		{1F0B37E2-A0E9-4B37-94AE-A9C84F98B0F8}.Release|Any CPU.ActiveCfg = Release|Any CPU
		{1F0B37E2-A0E9-4B37-94AE-A9C84F98B0F8}.Release|Any CPU.Build.0 = Release|Any CPU
		{6A0BC130-F20E-418A-B196-5CE7FD4B46CD}.Debug|Any CPU.ActiveCfg = Debug|Any CPU
		{6A0BC130-F20E-418A-B196-5CE7FD4B46CD}.Debug|Any CPU.Build.0 = Debug|Any CPU
		{6A0BC130-F20E-418A-B196-5CE7FD4B46CD}.Release|Any CPU.ActiveCfg = Release|Any CPU
		{6A0BC130-F20E-418A-B196-5CE7FD4B46CD}.Release|Any CPU.Build.0 = Release|Any CPU
		{2D56324A-65DE-4F7E-A8C5-B88B3248D6CB}.Debug|Any CPU.ActiveCfg = Debug|Any CPU
		{2D56324A-65DE-4F7E-A8C5-B88B3248D6CB}.Debug|Any CPU.Build.0 = Debug|Any CPU
		{2D56324A-65DE-4F7E-A8C5-B88B3248D6CB}.Release|Any CPU.ActiveCfg = Release|Any CPU
		{2D56324A-65DE-4F7E-A8C5-B88B3248D6CB}.Release|Any CPU.Build.0 = Release|Any CPU
	EndGlobalSection
	GlobalSection(SolutionProperties) = preSolution
		HideSolutionNode = FALSE
	EndGlobalSection
EndGlobal
